
Microsoft Visual Studio Solution File, Format Version 12.00
# Visual Studio Version 16
VisualStudioVersion = 16.0.810.8
MinimumVisualStudioVersion = 10.0.40219.1
Project("{FAE04EC0-301F-11D3-BF4B-00C04F79EFBC}") = "Mini-Calculator", "Mini-Calculator\Mini-Calculator.csproj", "{088F9E5D-FBFA-44B7-89BA-EE880DAFC794}"
EndProject
Global
	GlobalSection(SolutionConfigurationPlatforms) = preSolution
		Debug|Any CPU = Debug|Any CPU
		Release|Any CPU = Release|Any CPU
	EndGlobalSection
	GlobalSection(ProjectConfigurationPlatforms) = postSolution
		{088F9E5D-FBFA-44B7-89BA-EE880DAFC794}.Debug|Any CPU.ActiveCfg = Debug|Any CPU
		{088F9E5D-FBFA-44B7-89BA-EE880DAFC794}.Debug|Any CPU.Build.0 = Debug|Any CPU
		{088F9E5D-FBFA-44B7-89BA-EE880DAFC794}.Release|Any CPU.ActiveCfg = Release|Any CPU
		{088F9E5D-FBFA-44B7-89BA-EE880DAFC794}.Release|Any CPU.Build.0 = Release|Any CPU
	EndGlobalSection
	GlobalSection(SolutionProperties) = preSolution
		HideSolutionNode = FALSE
	EndGlobalSection
	GlobalSection(ExtensibilityGlobals) = postSolution
		SolutionGuid = {4C38A33D-023E-43D7-9F81-D2A1095FD756}
	EndGlobalSection
EndGlobal
